Microsoft Visual Studio Solution File, Format Version 12.00
# Visual Studio Version 17
VisualStudioVersion = 17.5.2.0
MinimumVisualStudioVersion = 10.0.40219.1
Project("{2150E333-8FDC-42A3-9474-1A3956D46DE8}") = "Backend", "Backend", "{1AE8ACA6-933B-BF2A-3671-3E2EAC007D16}"
EndProject
Project("{FAE04EC0-301F-11D3-BF4B-00C04F79EFBC}") = "ELECEngineering.API", "Backend\ELECEngineering.API\ELECEngineering.API.csproj", "{0DE5AF1D-2DA4-0C43-E477-CA03E7610CFA}"
EndProject
Global
	GlobalSection(SolutionConfigurationPlatforms) = preSolution
		Debug|Any CPU = Debug|Any CPU
		Release|Any CPU = Release|Any CPU
	EndGlobalSection
	GlobalSection(ProjectConfigurationPlatforms) = postSolution
		{0DE5AF1D-2DA4-0C43-E477-CA03E7610CFA}.Debug|Any CPU.ActiveCfg = Debug|Any CPU
		{0DE5AF1D-2DA4-0C43-E477-CA03E7610CFA}.Debug|Any CPU.Build.0 = Debug|Any CPU
		{0DE5AF1D-2DA4-0C43-E477-CA03E7610CFA}.Release|Any CPU.ActiveCfg = Release|Any CPU
		{0DE5AF1D-2DA4-0C43-E477-CA03E7610CFA}.Release|Any CPU.Build.0 = Release|Any CPU
	EndGlobalSection
	GlobalSection(SolutionProperties) = preSolution
		HideSolutionNode = FALSE
	EndGlobalSection
	GlobalSection(NestedProjects) = preSolution
		{0DE5AF1D-2DA4-0C43-E477-CA03E7610CFA} = {1AE8ACA6-933B-BF2A-3671-3E2EAC007D16}
	EndGlobalSection
	GlobalSection(ExtensibilityGlobals) = postSolution
		SolutionGuid = {716633D9-C32B-42FE-AB1D-BEE801C3181E}
	EndGlobalSection
EndGlobal
